
Microsoft Visual Studio Solution File, Format Version 12.00
# Visual Studio 15
VisualStudioVersion = 15.0.27004.2009
MinimumVisualStudioVersion = 10.0.40219.1
Project("{FAE04EC0-301F-11D3-BF4B-00C04F79EFBC}") = "Property", "Property\Property.csproj", "{C47F1192-7D01-4F23-A648-29372CD392A9}"
EndProject
Global
	GlobalSection(SolutionConfigurationPlatforms) = preSolution
		Debug|Any CPU = Debug|Any CPU
		Release|Any CPU = Release|Any CPU
	EndGlobalSection
	GlobalSection(ProjectConfigurationPlatforms) = postSolution
		{C47F1192-7D01-4F23-A648-29372CD392A9}.Debug|Any CPU.ActiveCfg = Debug|Any CPU
		{C47F1192-7D01-4F23-A648-29372CD392A9}.Debug|Any CPU.Build.0 = Debug|Any CPU
		{C47F1192-7D01-4F23-A648-29372CD392A9}.Release|Any CPU.ActiveCfg = Release|Any CPU
		{C47F1192-7D01-4F23-A648-29372CD392A9}.Release|Any CPU.Build.0 = Release|Any CPU
	EndGlobalSection
	GlobalSection(SolutionProperties) = preSolution
		HideSolutionNode = FALSE
	EndGlobalSection
	GlobalSection(ExtensibilityGlobals) = postSolution
		SolutionGuid = {659A3B8C-CBA9-4DD8-88A0-0EBC009965D3}
	EndGlobalSection
EndGlobal
